
Microsoft Visual Studio Solution File, Format Version 12.00
# Visual Studio Version 17
VisualStudioVersion = 17.0.32112.339
MinimumVisualStudioVersion = 10.0.40219.1
Project("{FAE04EC0-301F-11D3-BF4B-00C04F79EFBC}") = "Primeiro", "Primeiro\Primeiro.csproj", "{01800F0B-5D04-4610-96FE-4979301DC1CC}"
EndProject
Global
	GlobalSection(SolutionConfigurationPlatforms) = preSolution
		Debug|Any CPU = Debug|Any CPU
		Release|Any CPU = Release|Any CPU
	EndGlobalSection
	GlobalSection(ProjectConfigurationPlatforms) = postSolution
		{01800F0B-5D04-4610-96FE-4979301DC1CC}.Debug|Any CPU.ActiveCfg = Debug|Any CPU
		{01800F0B-5D04-4610-96FE-4979301DC1CC}.Debug|Any CPU.Build.0 = Debug|Any CPU
		{01800F0B-5D04-4610-96FE-4979301DC1CC}.Release|Any CPU.ActiveCfg = Release|Any CPU
		{01800F0B-5D04-4610-96FE-4979301DC1CC}.Release|Any CPU.Build.0 = Release|Any CPU
	EndGlobalSection
	GlobalSection(SolutionProperties) = preSolution
		HideSolutionNode = FALSE
	EndGlobalSection
	GlobalSection(ExtensibilityGlobals) = postSolution
		SolutionGuid = {6AFA04C6-60EF-4779-A0F6-1827C88DDC70}
	EndGlobalSection
EndGlobal
